
Microsoft Visual Studio Solution File, Format Version 12.00
# Visual Studio 15
VisualStudioVersion = 15.0.27428.2037
MinimumVisualStudioVersion = 10.0.40219.1
Project("{FAE04EC0-301F-11D3-BF4B-00C04F79EFBC}") = "AStarPuzzle", "AStarPuzzle\AStarPuzzle.csproj", "{BEB638BF-6250-4C54-8888-474A106ECAB5}"
EndProject
Global
	GlobalSection(SolutionConfigurationPlatforms) = preSolution
		Debug|Any CPU = Debug|Any CPU
		Release|Any CPU = Release|Any CPU
	EndGlobalSection
	GlobalSection(ProjectConfigurationPlatforms) = postSolution
		{BEB638BF-6250-4C54-8888-474A106ECAB5}.Debug|Any CPU.ActiveCfg = Debug|Any CPU
		{BEB638BF-6250-4C54-8888-474A106ECAB5}.Debug|Any CPU.Build.0 = Debug|Any CPU
		{BEB638BF-6250-4C54-8888-474A106ECAB5}.Release|Any CPU.ActiveCfg = Release|Any CPU
		{BEB638BF-6250-4C54-8888-474A106ECAB5}.Release|Any CPU.Build.0 = Release|Any CPU
	EndGlobalSection
	GlobalSection(SolutionProperties) = preSolution
		HideSolutionNode = FALSE
	EndGlobalSection
	GlobalSection(ExtensibilityGlobals) = postSolution
		SolutionGuid = {AACC0C81-2019-4EA0-A244-D54D0DEE5C91}
	EndGlobalSection
EndGlobal
